
Microsoft Visual Studio Solution File, Format Version 12.00
# Visual Studio Version 17
VisualStudioVersion = 17.14.37710.0 d17.14
MinimumVisualStudioVersion = 10.0.40219.1
Project("{FAE04EC0-301F-11D3-BF4B-00C04F79EFBC}") = "Flipkart-clone", "Flipkart-clone.csproj", "{57359B84-CDE4-4B09-820B-5E6D573D1BDB}"
EndProject
Global
	GlobalSection(SolutionConfigurationPlatforms) = preSolution
		Debug|Any CPU = Debug|Any CPU
		Release|Any CPU = Release|Any CPU
	EndGlobalSection
	GlobalSection(ProjectConfigurationPlatforms) = postSolution
		{57359B84-CDE4-4B09-820B-5E6D573D1BDB}.Debug|Any CPU.ActiveCfg = Debug|Any CPU
		{57359B84-CDE4-4B09-820B-5E6D573D1BDB}.Debug|Any CPU.Build.0 = Debug|Any CPU
		{57359B84-CDE4-4B09-820B-5E6D573D1BDB}.Release|Any CPU.ActiveCfg = Release|Any CPU
		{57359B84-CDE4-4B09-820B-5E6D573D1BDB}.Release|Any CPU.Build.0 = Release|Any CPU
	EndGlobalSection
	GlobalSection(SolutionProperties) = preSolution
		HideSolutionNode = FALSE
	EndGlobalSection
	GlobalSection(ExtensibilityGlobals) = postSolution
		SolutionGuid = {56E43064-6097-4695-9EE8-AFC0952EFD1F}
	EndGlobalSection
EndGlobal
